
Microsoft Visual Studio Solution File, Format Version 11.00
# Visual Studio 2010
Project("{FAE04EC0-301F-11D3-BF4B-00C04F79EFBC}") = "Mood.Weather.Web", "Mood.Weather.Web\Mood.Weather.Web.csproj", "{52195C28-400F-4DA8-A3F8-539F91975D57}"
EndProject
Project("{FAE04EC0-301F-11D3-BF4B-00C04F79EFBC}") = "Mood.Weather.Web.Tests", "Mood.Weather.Web.Tests\Mood.Weather.Web.Tests.csproj", "{09D23008-F69A-4E8F-A2EF-2CA678389B5B}"
EndProject
Project("{FAE04EC0-301F-11D3-BF4B-00C04F79EFBC}") = "Mood.Weather.Domain", "Mood.Weather.Domain\Mood.Weather.Domain.csproj", "{3FBE3E68-4EA6-41C4-9EB9-637423F7BDD0}"
EndProject
Project("{FAE04EC0-301F-11D3-BF4B-00C04F79EFBC}") = "Mood.Weather.Domain.Models", "Mood.Weather.Domain.Models\Mood.Weather.Domain.Models.csproj", "{46248673-E2DD-404C-809E-7B6DEFEF99B2}"
EndProject
Project("{FAE04EC0-301F-11D3-BF4B-00C04F79EFBC}") = "Mood.Weather.Client", "Mood.Weather.Client\Mood.Weather.Client.csproj", "{EE542E34-213D-4F04-BF7E-9C4372CADBE1}"
EndProject
Project("{FAE04EC0-301F-11D3-BF4B-00C04F79EFBC}") = "Mood.Weather.Client.Test", "Mood.Weather.Client.Test\Mood.Weather.Client.Test.csproj", "{C79C3EDE-2F27-4C94-9D9C-C3CB1D4FE373}"
EndProject
Project("{FAE04EC0-301F-11D3-BF4B-00C04F79EFBC}") = "Mood.Weather.Infrastructure", "Mood.Weather.Infrastructure\Mood.Weather.Infrastructure.csproj", "{447EDDA3-6E1B-4B5E-902F-1BD251E2D142}"
EndProject
Global
	GlobalSection(SolutionConfigurationPlatforms) = preSolution
		Debug|Any CPU = Debug|Any CPU
		Release|Any CPU = Release|Any CPU
	EndGlobalSection
	GlobalSection(ProjectConfigurationPlatforms) = postSolution
		{52195C28-400F-4DA8-A3F8-539F91975D57}.Debug|Any CPU.ActiveCfg = Debug|Any CPU
		{52195C28-400F-4DA8-A3F8-539F91975D57}.Debug|Any CPU.Build.0 = Debug|Any CPU
		{52195C28-400F-4DA8-A3F8-539F91975D57}.Release|Any CPU.ActiveCfg = Release|Any CPU
		{52195C28-400F-4DA8-A3F8-539F91975D57}.Release|Any CPU.Build.0 = Release|Any CPU
		{09D23008-F69A-4E8F-A2EF-2CA678389B5B}.Debug|Any CPU.ActiveCfg = Debug|Any CPU
		{09D23008-F69A-4E8F-A2EF-2CA678389B5B}.Debug|Any CPU.Build.0 = Debug|Any CPU
		{09D23008-F69A-4E8F-A2EF-2CA678389B5B}.Release|Any CPU.ActiveCfg = Release|Any CPU
		{09D23008-F69A-4E8F-A2EF-2CA678389B5B}.Release|Any CPU.Build.0 = Release|Any CPU
		{3FBE3E68-4EA6-41C4-9EB9-637423F7BDD0}.Debug|Any CPU.ActiveCfg = Debug|Any CPU
		{3FBE3E68-4EA6-41C4-9EB9-637423F7BDD0}.Debug|Any CPU.Build.0 = Debug|Any CPU
		{3FBE3E68-4EA6-41C4-9EB9-637423F7BDD0}.Release|Any CPU.ActiveCfg = Release|Any CPU
		{3FBE3E68-4EA6-41C4-9EB9-637423F7BDD0}.Release|Any CPU.Build.0 = Release|Any CPU
		{46248673-E2DD-404C-809E-7B6DEFEF99B2}.Debug|Any CPU.ActiveCfg = Debug|Any CPU
		{46248673-E2DD-404C-809E-7B6DEFEF99B2}.Debug|Any CPU.Build.0 = Debug|Any CPU
		{46248673-E2DD-404C-809E-7B6DEFEF99B2}.Release|Any CPU.ActiveCfg = Release|Any CPU
		{46248673-E2DD-404C-809E-7B6DEFEF99B2}.Release|Any CPU.Build.0 = Release|Any CPU
		{EE542E34-213D-4F04-BF7E-9C4372CADBE1}.Debug|Any CPU.ActiveCfg = Debug|Any CPU
		{EE542E34-213D-4F04-BF7E-9C4372CADBE1}.Debug|Any CPU.Build.0 = Debug|Any CPU
		{EE542E34-213D-4F04-BF7E-9C4372CADBE1}.Release|Any CPU.ActiveCfg = Release|Any CPU
		{EE542E34-213D-4F04-BF7E-9C4372CADBE1}.Release|Any CPU.Build.0 = Release|Any CPU
		{C79C3EDE-2F27-4C94-9D9C-C3CB1D4FE373}.Debug|Any CPU.ActiveCfg = Debug|Any CPU
		{C79C3EDE-2F27-4C94-9D9C-C3CB1D4FE373}.Debug|Any CPU.Build.0 = Debug|Any CPU
		{C79C3EDE-2F27-4C94-9D9C-C3CB1D4FE373}.Release|Any CPU.ActiveCfg = Release|Any CPU
		{C79C3EDE-2F27-4C94-9D9C-C3CB1D4FE373}.Release|Any CPU.Build.0 = Release|Any CPU
		{447EDDA3-6E1B-4B5E-902F-1BD251E2D142}.Debug|Any CPU.ActiveCfg = Debug|Any CPU
		{447EDDA3-6E1B-4B5E-902F-1BD251E2D142}.Debug|Any CPU.Build.0 = Debug|Any CPU
		{447EDDA3-6E1B-4B5E-902F-1BD251E2D142}.Release|Any CPU.ActiveCfg = Release|Any CPU
		{447EDDA3-6E1B-4B5E-902F-1BD251E2D142}.Release|Any CPU.Build.0 = Release|Any CPU
	EndGlobalSection
	GlobalSection(SolutionProperties) = preSolution
		HideSolutionNode = FALSE
	EndGlobalSection
EndGlobal
