
Microsoft Visual Studio Solution File, Format Version 11.00
# Visual Studio 2010
Project("{FAE04EC0-301F-11D3-BF4B-00C04F79EFBC}") = "Weather.Api", "Weather.Api\Weather.Api.csproj", "{BABA651C-8C86-4A33-A9CB-15992EA80DC0}"
EndProject
Global
	GlobalSection(SolutionConfigurationPlatforms) = preSolution
		Debug|Any CPU = Debug|Any CPU
		Release|Any CPU = Release|Any CPU
	EndGlobalSection
	GlobalSection(ProjectConfigurationPlatforms) = postSolution
		{BABA651C-8C86-4A33-A9CB-15992EA80DC0}.Debug|Any CPU.ActiveCfg = Debug|Any CPU
		{BABA651C-8C86-4A33-A9CB-15992EA80DC0}.Debug|Any CPU.Build.0 = Debug|Any CPU
		{BABA651C-8C86-4A33-A9CB-15992EA80DC0}.Release|Any CPU.ActiveCfg = Release|Any CPU
		{BABA651C-8C86-4A33-A9CB-15992EA80DC0}.Release|Any CPU.Build.0 = Release|Any CPU
	EndGlobalSection
	GlobalSection(SolutionProperties) = preSolution
		HideSolutionNode = FALSE
	EndGlobalSection
EndGlobal
